{
  "name": "ssapp-template",
  "version": "1.0.0",
  "lockfileVersion": 2,
  "requires": true,
  "packages": {
    "": {
      "name": "ssapp-template",
      "version": "1.0.0",
      "hasInstallScript": true,
      "license": "MIT",
      "dependencies": {
        "octopus": "git+https://github.com/OpenDSU/octopus.git"
      }
    },
    "node_modules/octopus": {
      "version": "1.0.0",
      "resolved": "git+ssh://git@github.com/OpenDSU/octopus.git#3fabecc03a4bc6455f0e06f19166b12b3e18df64",
      "license": "MIT"
    }
  },
  "dependencies": {
    "octopus": {
      "version": "git+ssh://git@github.com/OpenDSU/octopus.git#3fabecc03a4bc6455f0e06f19166b12b3e18df64",
      "from": "octopus@git+https://github.com/OpenDSU/octopus.git"
    }
  }
}
